
Microsoft Visual Studio Solution File, Format Version 12.00
# Visual Studio 15
VisualStudioVersion = 15.0.28307.1082
MinimumVisualStudioVersion = 10.0.40219.1
Project("{FAE04EC0-301F-11D3-BF4B-00C04F79EFBC}") = "ListOfGroup", "ListOfGroup\ListOfGroup.csproj", "{8BE6BC6F-ACD2-4264-813C-74A81278E7BE}"
EndProject
Global
	GlobalSection(SolutionConfigurationPlatforms) = preSolution
		Debug|Any CPU = Debug|Any CPU
		Release|Any CPU = Release|Any CPU
	EndGlobalSection
	GlobalSection(ProjectConfigurationPlatforms) = postSolution
		{8BE6BC6F-ACD2-4264-813C-74A81278E7BE}.Debug|Any CPU.ActiveCfg = Debug|Any CPU
		{8BE6BC6F-ACD2-4264-813C-74A81278E7BE}.Debug|Any CPU.Build.0 = Debug|Any CPU
		{8BE6BC6F-ACD2-4264-813C-74A81278E7BE}.Release|Any CPU.ActiveCfg = Release|Any CPU
		{8BE6BC6F-ACD2-4264-813C-74A81278E7BE}.Release|Any CPU.Build.0 = Release|Any CPU
	EndGlobalSection
	GlobalSection(SolutionProperties) = preSolution
		HideSolutionNode = FALSE
	EndGlobalSection
	GlobalSection(ExtensibilityGlobals) = postSolution
		SolutionGuid = {056FC680-3401-46A4-8AB7-338AB0ECB7FE}
	EndGlobalSection
EndGlobal
